github.com/davecgh/go-spew v1.1.0/go.mod h1:J7Y8YcW2NihsgmVo/mv3lAwl/skON4iLHjSsI+c5H38=
github.com/davecgh/go-spew v1.1.1 h1:vj9j/u1bqnvCEfJOwUhtlOARqs3+rkHYY13jYWTU97c=
github.com/davecgh/go-spew v1.1.1/go.mod h1:J7Y8YcW2NihsgmVo/mv3lAwl/skON4iLHjSsI+c5H38=
github.com/google/gopacket v1.1.19 h1:ves8RnFZPGiFnTS0uPQStjwru6uO6h+nlr9j6fL7kF8=
github.com/google/gopacket v1.1.19/go.mod h1:iJ8V8n6KS+z2U1A8pUwu8bW5SyEMkXJB8Yo/Vo+TKTo=
github.com/intuitivelabs/bytescase v1.0.2 h1:Yz2aO9cw3Erdnyb9k7/SS/ckFkOG8KWr4UcgUxWjnqE=
github.com/intuitivelabs/bytescase v1.0.2/go.mod h1:Gr+B79bV8+mDKvYr4hja6qPVHtYG4Knem0K8gzZKHHU=
github.com/intuitivelabs/bytespool v0.0.3 h1:sPR8Y3ipOgLUtfLVlgXlJ4AsYIC+z2Rzwe/KSUm+tCc=
github.com/intuitivelabs/bytespool v0.0.3/go.mod h1:LoAZMZ/ztsXMI5dZx5Qy3tLAh6kte54BBOJN931GRew=
github.com/intuitivelabs/calltr v1.1.14-0.20250811062943-99db7d9499dd h1:9A44FlXGVN/plBSwGpk7Wq1ib5XHOJ3Zs/IFeA6WPhc=
github.com/intuitivelabs/calltr v1.1.14-0.20250811062943-99db7d9499dd/go.mod h1:tx/YXinlYy3rKuz89eYR0E1NOuKVAvQ88ELciG+11ac=
github.com/intuitivelabs/calltr v1.1.14-0.20250827110728-9b569fe0107f h1:yyc9cBUOXsC3elpdcVGkRh7/cFR5psRnobgxCf3rKs0=
github.com/intuitivelabs/calltr v1.1.14-0.20250827110728-9b569fe0107f/go.mod h1:tx/YXinlYy3rKuz89eYR0E1NOuKVAvQ88ELciG+11ac=
github.com/intuitivelabs/counters v0.3.1 h1:jfyTWCJdHNjzIjJ3O8ydLkFZcxI/QbL0zWaEysfw30E=
github.com/intuitivelabs/counters v0.3.1/go.mod h1:gg2mPscHiatkLfDWF7bSuUeHcmsiTazGQx1pW62uJ0w=
github.com/intuitivelabs/httpsp v0.0.9 h1:QNiIGg3u+7jBRbHbPxuPGb6r9viziaOMqKeNRwn8uZQ=
github.com/intuitivelabs/httpsp v0.0.9/go.mod h1:hO16uPAfO2hOZtseOStT95MLe/0efqNz51kiEq1x3w4=
github.com/intuitivelabs/mallocs/qmalloc v0.0.3 h1:t1yPsjaykyayZn4TYbhIZQZwMl91VJhXUY65hQQa630=
github.com/intuitivelabs/mallocs/qmalloc v0.0.3/go.mod h1:VwS4Dzl2y9m+W/tkEy82Cy2g+EwM3vgBldnRbt18zgQ=
github.com/intuitivelabs/sipsp v1.1.5 h1:l0+/W0Y0Ahoc+1OXeRcfgNPSqcS9U5mbC5m2xHNcQzw=
github.com/intuitivelabs/sipsp v1.1.5/go.mod h1:7+wtNx415M+VzHUrXWSf4NOraw7pMx+fhJkKoLAff7A=
github.com/intuitivelabs/slog v0.0.2 h1:XFDdI5gTK7t7C896D7kTdDRWXDSF1hHjAor/TITSLio=
github.com/intuitivelabs/slog v0.0.2/go.mod h1:Ui5r7QQoGGj6/sODBbsz8VJbbylXyx86aVhbdoriIKY=
github.com/intuitivelabs/timestamp v0.0.3/go.mod h1:g6iXgcaQTyNvYhRewLj5li0dhUBrlm0ibApJTklqoXU=
github.com/intuitivelabs/timestamp v0.0.4 h1:R8a9g6W9anHu8uX/FE+Xd2/2pQYtiVJgFUr1W6sLxEc=
github.com/intuitivelabs/timestamp v0.0.4/go.mod h1:g6iXgcaQTyNvYhRewLj5li0dhUBrlm0ibApJTklqoXU=
github.com/intuitivelabs/unsafeconv v0.0.2 h1:81bher4UPykAwdnMEdX3THW+7bAQUSFX5EdhFv9xsK8=
github.com/intuitivelabs/unsafeconv v0.0.2/go.mod h1:QK7AOVbwVRbhdxEwAT8BsUvLqliEHETqqF9r74ICb8g=
github.com/intuitivelabs/websocket v0.0.1 h1:whA+XSRGdtQ2St1Od6rKO3D86GspsDdxW6h1ccy62oc=
github.com/intuitivelabs/websocket v0.0.1/go.mod h1:WnxiNaoclkJ3PP+iQKE/LBlHCX74OQMO/2frDOJHksU=
github.com/intuitivelabs/wtimer v0.0.2 h1:cow+iYQCww021YeMPY+nsYVQv/W4Igsc3PRG3CWNAxQ=
github.com/intuitivelabs/wtimer v0.0.2/go.mod h1:69mqpDr+n8bmUUMPT2IES/bSZSFdg5kR4aENUrLNS3s=
github.com/klauspost/cpuid/v2 v2.0.9 h1:lgaqFMSdTdQYdZ04uHyN2d/eKdOMyi2YLSvlQIBFYa4=
github.com/klauspost/cpuid/v2 v2.0.9/go.mod h1:FInQzS24/EEf25PyTYn52gqo7WaD8xa0213Md/qVLRg=
github.com/pion/randutil v0.1.0 h1:CFG1UdESneORglEsnimhUjf33Rwjubwj6xfiOXBa3mA=
github.com/pion/randutil v0.1.0/go.mod h1:XcJrSMMbbMRhASFVOlj/5hQial/Y8oH/HVo7TBZq+j8=
github.com/pion/sdp/v3 v3.0.9/go.mod h1:B5xmvENq5IXJimIO4zfp6LAe1fD9N+kFv+V/1lOdz8M=
github.com/pion/sdp/v3 v3.0.11 h1:VhgVSopdsBKwhCFoyyPmT1fKMeV9nLMrEKxNOdy3IVI=
github.com/pion/sdp/v3 v3.0.11/go.mod h1:88GMahN5xnScv1hIMTqLdu/cOcUkj6a9ytbncwMCq2E=
github.com/pmezard/go-difflib v1.0.0 h1:4DBwDE0NGyQoBHbLQYPwSUPoCMWR5BEzIk/f1lZbAQM=
github.com/pmezard/go-difflib v1.0.0/go.mod h1:iKH77koFhYxTK1pcRnkKkqfTogsbg7gZNVY4sRDYZ/4=
github.com/stretchr/objx v0.1.0/go.mod h1:HFkY916IF+rwdDfMAkV7OtwuqBVzrE8GR6GFx+wExME=
github.com/stretchr/objx v0.4.0/go.mod h1:YvHI0jy2hoMjB+UWwv71VJQ9isScKT/TqJzVSSt89Yw=
github.com/stretchr/objx v0.5.0/go.mod h1:Yh+to48EsGEfYuaHDzXPcE3xhTkx73EhmCGUpEOglKo=
github.com/stretchr/objx v0.5.2/go.mod h1:FRsXN1f5AsAjCGJKqEizvkpNtU+EGNCLh3NxZ/8L+MA=
github.com/stretchr/testify v1.7.1/go.mod h1:6Fq8oRcR53rry900zMqJjRRixrwX3KX962/h/Wwjteg=
github.com/stretchr/testify v1.8.0/go.mod h1:yNjHg4UonilssWZ8iaSj1OCr/vHnekPRkoO+kdMU+MU=
github.com/stretchr/testify v1.8.4/go.mod h1:sz/lmYIOXD/1dqDmKjjqLyZ2RngseejIcXlSw2iwfAo=
github.com/stretchr/testify v1.9.0/go.mod h1:r2ic/lqez/lEtzL7wO/rwa5dbSLXVDPFyf8C91i36aY=
github.com/stretchr/testify v1.10.0 h1:Xv5erBjTwe/5IxqUQTdXv5kgmIvbHo3QQyRwhJsOfJA=
github.com/zeebo/assert v1.3.0 h1:g7C04CbJuIDKNPFHmsk4hwZDO5O+kntRxzaUoNXj+IQ=
github.com/zeebo/xxh3 v1.0.2 h1:xZmwmqxHZA8AI603jOQ0tMqmBr9lPeFwGg6d+xy9DC0=
github.com/zeebo/xxh3 v1.0.2/go.mod h1:5NWz9Sef7zIDm2JHfFlcQvNekmcEl9ekUZQQKCYaDcA=
golang.org/x/crypto v0.0.0-20190308221718-c2843e01d9a2/go.mod h1:djNgcEr1/C05ACkg1iLfiJU5Ep61QUkGW8qpdssI0+w=
golang.org/x/crypto v0.0.0-20191011191535-87dc89f01550/go.mod h1:yigFU9vqHzYiE8UmvKecakEJjdnWj3jj499lnFckfCI=
golang.org/x/lint v0.0.0-20200302205851-738671d3881b/go.mod h1:3xt1FjdF8hUf6vQPIChWIBhFzV8gjjsPE/fR3IyQdNY=
golang.org/x/mod v0.1.1-0.20191105210325-c90efee705ee/go.mod h1:QqPTAvyqsEbceGzBzNggFXnrqF1CaUcvgkdR5Ot7KZg=
golang.org/x/net v0.0.0-20190404232315-eb5bcb51f2a3/go.mod h1:t9HGtf8HONx5eT2rtn7q6eTqICYqUVnKs3thJo3Qplg=
golang.org/x/net v0.0.0-20190620200207-3b0461eec859/go.mod h1:z5CRVTTTmAJ677TzLLGU+0bjPO0LkuOLi4/5GtJWs/s=
golang.org/x/net v0.23.0 h1:7EYJ93RZ9vYSZAIb2x3lnuvqO5zneoD6IvWjuhfxjTs=
golang.org/x/net v0.23.0/go.mod h1:JKghWKKOSdJwpW2GEx0Ja7fmaKnMsbu+MWVZTokSYmg=
golang.org/x/sync v0.0.0-20190423024810-112230192c58/go.mod h1:RxMgew5VJxzue5/jJTE5uejpjVlOe/izrB70Jof72aM=
golang.org/x/sys v0.0.0-20190215142949-d0b11bdaac8a/go.mod h1:STP8DvDyc/dI5b8T5hshtkjS+E42TnysNCUPdjciGhY=
golang.org/x/sys v0.0.0-20190412213103-97732733099d/go.mod h1:h1NjWce9XRLGQEsW7wpKNCjG9DtNlClVuFLEZdDNbEs=
golang.org/x/sys v0.18.0 h1:DBdB3niSjOA/O0blCZBqDefyWNYveAYMNF1Wum0DYQ4=
golang.org/x/sys v0.18.0/go.mod h1:/VUhepiaJMQUp4+oa/7Zr1D23ma6VTLIYjOOTFZPUcA=
golang.org/x/text v0.3.0/go.mod h1:NqM8EUOU14njkJ3fqMW+pc6Ldnwhi/IjpwHt7yyuwOQ=
golang.org/x/tools v0.0.0-20200130002326-2f3ba24bd6e7/go.mod h1:TB2adYChydJhpapKDTa4BR/hXlZSLoq2Wpct/0txZ28=
golang.org/x/xerrors v0.0.0-20191011141410-1b5146add898/go.mod h1:I/5z698sn9Ka8TeJc9MKroUUfqBBauWjQqLJ2OPfmY0=
gopkg.in/check.v1 v0.0.0-20161208181325-20d25e280405/go.mod h1:Co6ibVJAznAaIkqp8huTwlJQCZ016jof/cbN4VW5Yz0=
gopkg.in/yaml.v3 v3.0.0-20200313102051-9f266ea9e77c/go.mod h1:K4uyk7z7BCEPqu6E+C64Yfv1cQ7kz7rIZviUmN+EgEM=
gopkg.in/yaml.v3 v3.0.1 h1:fxVm/GzAzEWqLHuvctI91KS9hhNmmWOoWu0XTYJS7CA=
gopkg.in/yaml.v3 v3.0.1/go.mod h1:K4uyk7z7BCEPqu6E+C64Yfv1cQ7kz7rIZviUmN+EgEM=
