github.com/google/gopacket v1.1.18 h1:lum7VRA9kdlvBi7/v2p7/zcbkduHaCH/SVVyurs7OpY=
github.com/google/gopacket v1.1.18/go.mod h1:UdDNZ1OO62aGYVnPhxT1U6aI7ukYtA/kB8vaU0diBUM=
github.com/intuitivelabs/anonymization v0.0.0-20201228200806-d8c4518904ea h1:FLHJ3KAoqP4VZwEKg+cMORqovrE7nKE0HGYaChey5qQ=
github.com/intuitivelabs/anonymization v0.0.0-20201228200806-d8c4518904ea/go.mod h1:+C5O1w1DDxGOhaDt8xkZevVhShYnnp/forDtG1dU+J4=
github.com/intuitivelabs/bytescase v1.0.0 h1:jNVpavUJjSyeSi5dlk54G7oGWqe762fl06bhJupFb3A=
github.com/intuitivelabs/bytescase v1.0.0/go.mod h1:dHOb10bRPpOlSKEB+/fNhKj+3jniKlMTJjtp9eOxscQ=
github.com/intuitivelabs/bytescase v1.0.1 h1:As9FoZOyQuaQa4StsNHGlMbweAf3rZ5Ku2U1QsXauhA=
github.com/intuitivelabs/bytescase v1.0.1/go.mod h1:Gr+B79bV8+mDKvYr4hja6qPVHtYG4Knem0K8gzZKHHU=
github.com/intuitivelabs/calltr v0.0.0-20201104180927-66777d2e8dbc h1:/URPfcTDCvroGMJMV6s/DECufAmXEuRgw5xmOx05wUQ=
github.com/intuitivelabs/calltr v0.0.0-20201104180927-66777d2e8dbc/go.mod h1:phpNpM0a4hqQIiApzU4IdbYPXRA39mK2/93qpVF5+wQ=
github.com/intuitivelabs/calltr v1.0.1 h1:RcycCPiLBTx8keN1/3PVrbcKvo/nIOqbrNcwd/JNTlc=
github.com/intuitivelabs/calltr v1.0.1/go.mod h1:sIH+G7Es+xqTMfuYPLUZfiDaZvE6GrFtWxii5QUS2KM=
github.com/intuitivelabs/counters v0.1.1 h1:K5FWauWxSWc9Lb3fBOjh1v7lxxvgzUh0KIrIhSMhuBU=
github.com/intuitivelabs/counters v0.1.1/go.mod h1:gg2mPscHiatkLfDWF7bSuUeHcmsiTazGQx1pW62uJ0w=
github.com/intuitivelabs/ipcrypt v0.0.0-20201221222832-e8c1af2d7e80 h1:KPTe89jn6irmLAaAPfC79maEX5jHpdELZpPj0Tp8lcw=
github.com/intuitivelabs/ipcrypt v0.0.0-20201221222832-e8c1af2d7e80/go.mod h1:1Tbk2GMxSflaUSwrQaFnMrg1VvTDM4JO3Jbh7RzPjSs=
github.com/intuitivelabs/sipsp v1.0.0 h1:TOP1ESbZzxUjWRq7Tfg4ZKpXBhs/oFktN4OVdjHXAdE=
github.com/intuitivelabs/sipsp v1.0.0/go.mod h1:FnKifPSeXX7J4dWhYAsV90WV4h0OMtC/twlLiyXkOLQ=
github.com/intuitivelabs/sipsp v1.0.1 h1:EjGSg+CH2Tf6GoXfRYnouvXe/5bVxxrjNUCD1o1H0X8=
github.com/intuitivelabs/sipsp v1.0.1/go.mod h1:cQ5p5hsd+DeKu1XbCH7f7NN5wH2b8SOwuJBfk6VC0ms=
golang.org/x/crypto v0.0.0-20190308221718-c2843e01d9a2/go.mod h1:djNgcEr1/C05ACkg1iLfiJU5Ep61QUkGW8qpdssI0+w=
golang.org/x/crypto v0.0.0-20201221181555-eec23a3978ad h1:DN0cp81fZ3njFcrLCytUHRSUkqBjfTo4Tx9RJTWs0EY=
golang.org/x/crypto v0.0.0-20201221181555-eec23a3978ad/go.mod h1:jdWPYTVW3xRLrWPugEBEK3UY2ZEsg3UU495nc5E+M+I=
golang.org/x/net v0.0.0-20190404232315-eb5bcb51f2a3 h1:0GoQqolDA55aaLxZyTzK/Y2ePZzZTUrRacwib7cNsYQ=
golang.org/x/net v0.0.0-20190404232315-eb5bcb51f2a3/go.mod h1:t9HGtf8HONx5eT2rtn7q6eTqICYqUVnKs3thJo3Qplg=
golang.org/x/sys v0.0.0-20190215142949-d0b11bdaac8a/go.mod h1:STP8DvDyc/dI5b8T5hshtkjS+E42TnysNCUPdjciGhY=
golang.org/x/sys v0.0.0-20190405154228-4b34438f7a67 h1:1Fzlr8kkDLQwqMP8GxrhptBLqZG/EDpiATneiZHY998=
golang.org/x/sys v0.0.0-20190405154228-4b34438f7a67/go.mod h1:h1NjWce9XRLGQEsW7wpKNCjG9DtNlClVuFLEZdDNbEs=
golang.org/x/sys v0.0.0-20191026070338-33540a1f6037/go.mod h1:h1NjWce9XRLGQEsW7wpKNCjG9DtNlClVuFLEZdDNbEs=
golang.org/x/term v0.0.0-20201117132131-f5c789dd3221/go.mod h1:Nr5EML6q2oocZ2LXRh80K7BxOlk5/8JxuGnuhpl+muw=
golang.org/x/text v0.3.0/go.mod h1:NqM8EUOU14njkJ3fqMW+pc6Ldnwhi/IjpwHt7yyuwOQ=
