github.com/google/gopacket v1.1.18 h1:lum7VRA9kdlvBi7/v2p7/zcbkduHaCH/SVVyurs7OpY=
github.com/google/gopacket v1.1.18/go.mod h1:UdDNZ1OO62aGYVnPhxT1U6aI7ukYtA/kB8vaU0diBUM=
github.com/intuitivelabs/bytescase v1.0.1 h1:As9FoZOyQuaQa4StsNHGlMbweAf3rZ5Ku2U1QsXauhA=
github.com/intuitivelabs/bytescase v1.0.1/go.mod h1:Gr+B79bV8+mDKvYr4hja6qPVHtYG4Knem0K8gzZKHHU=
github.com/intuitivelabs/calltr v1.0.2-0.20210219152042-567985e89d34 h1:eDwVN79b5co/GapZ0WBRmOoie7ddQ3fkQWzc7aCzyII=
github.com/intuitivelabs/calltr v1.0.2-0.20210219152042-567985e89d34/go.mod h1:qBLcsbhXihgAJkGuIpe0sOvZoj5eQACF8oPtfQjW4fM=
github.com/intuitivelabs/counters v0.1.2-0.20210216181413-f773d9188db7 h1:M8DerTOMNz/vq5vDmcbf6LSFGF2yQC4YdSeKzH6CKoI=
github.com/intuitivelabs/counters v0.1.2-0.20210216181413-f773d9188db7/go.mod h1:gg2mPscHiatkLfDWF7bSuUeHcmsiTazGQx1pW62uJ0w=
github.com/intuitivelabs/sipsp v1.0.2-0.20201123190413-cdee4299e270 h1:/xDI2e4acDwU7Fzto31gktlC2qe3BghHwOYxwIMA/9Y=
github.com/intuitivelabs/sipsp v1.0.2-0.20201123190413-cdee4299e270/go.mod h1:cQ5p5hsd+DeKu1XbCH7f7NN5wH2b8SOwuJBfk6VC0ms=
golang.org/x/crypto v0.0.0-20190308221718-c2843e01d9a2/go.mod h1:djNgcEr1/C05ACkg1iLfiJU5Ep61QUkGW8qpdssI0+w=
golang.org/x/net v0.0.0-20190404232315-eb5bcb51f2a3 h1:0GoQqolDA55aaLxZyTzK/Y2ePZzZTUrRacwib7cNsYQ=
golang.org/x/net v0.0.0-20190404232315-eb5bcb51f2a3/go.mod h1:t9HGtf8HONx5eT2rtn7q6eTqICYqUVnKs3thJo3Qplg=
golang.org/x/sys v0.0.0-20190215142949-d0b11bdaac8a/go.mod h1:STP8DvDyc/dI5b8T5hshtkjS+E42TnysNCUPdjciGhY=
golang.org/x/sys v0.0.0-20190405154228-4b34438f7a67 h1:1Fzlr8kkDLQwqMP8GxrhptBLqZG/EDpiATneiZHY998=
golang.org/x/sys v0.0.0-20190405154228-4b34438f7a67/go.mod h1:h1NjWce9XRLGQEsW7wpKNCjG9DtNlClVuFLEZdDNbEs=
golang.org/x/sys v0.0.0-20191026070338-33540a1f6037 h1:YyJpGZS1sBuBCzLAR1VEpK193GlqGZbnPFnPV/5Rsb4=
golang.org/x/sys v0.0.0-20191026070338-33540a1f6037/go.mod h1:h1NjWce9XRLGQEsW7wpKNCjG9DtNlClVuFLEZdDNbEs=
golang.org/x/text v0.3.0/go.mod h1:NqM8EUOU14njkJ3fqMW+pc6Ldnwhi/IjpwHt7yyuwOQ=
